
Microsoft Visual Studio Solution File, Format Version 12.00
# Visual Studio Version 17
VisualStudioVersion = 17.8.34309.116
MinimumVisualStudioVersion = 10.0.40219.1
Project("{FAE04EC0-301F-11D3-BF4B-00C04F79EFBC}") = "API", "API\API.csproj", "{AB4EB2FD-31B6-4BDD-82D8-2D47B4796196}"
EndProject
Global
	GlobalSection(SolutionConfigurationPlatforms) = preSolution
		Debug|Any CPU = Debug|Any CPU
		Release|Any CPU = Release|Any CPU
	EndGlobalSection
	GlobalSection(ProjectConfigurationPlatforms) = postSolution
		{AB4EB2FD-31B6-4BDD-82D8-2D47B4796196}.Debug|Any CPU.ActiveCfg = Debug|Any CPU
		{AB4EB2FD-31B6-4BDD-82D8-2D47B4796196}.Debug|Any CPU.Build.0 = Debug|Any CPU
		{AB4EB2FD-31B6-4BDD-82D8-2D47B4796196}.Release|Any CPU.ActiveCfg = Release|Any CPU
		{AB4EB2FD-31B6-4BDD-82D8-2D47B4796196}.Release|Any CPU.Build.0 = Release|Any CPU
	EndGlobalSection
	GlobalSection(SolutionProperties) = preSolution
		HideSolutionNode = FALSE
	EndGlobalSection
	GlobalSection(ExtensibilityGlobals) = postSolution
		SolutionGuid = {EEF01D65-D9CF-42DB-A238-AB91175475F8}
	EndGlobalSection
EndGlobal
